
Microsoft Visual Studio Solution File, Format Version 12.00
# Visual Studio Version 17
VisualStudioVersion = 17.4.33213.308
MinimumVisualStudioVersion = 10.0.40219.1
Project("{9A19103F-16F7-4668-BE54-9A1E7A4F7556}") = "QuartzESoap", "ConsoleApp1\QuartzESoap.csproj", "{DB56E42B-C45D-46A3-835E-E2E1EA207144}"
EndProject
Project("{9A19103F-16F7-4668-BE54-9A1E7A4F7556}") = "ESoapApi", "ESoapApi\ESoapApi.csproj", "{5AF8D778-A2C5-4196-A825-810CC586EBF8}"
EndProject
Project("{FAE04EC0-301F-11D3-BF4B-00C04F79EFBC}") = "CharlesApi", "CharlesApi\CharlesApi.csproj", "{ED4158FB-0E1D-4C1C-8F79-53C916C8949C}"
EndProject
Global
	GlobalSection(SolutionConfigurationPlatforms) = preSolution
		Debug|Any CPU = Debug|Any CPU
		Release|Any CPU = Release|Any CPU
	EndGlobalSection
	GlobalSection(ProjectConfigurationPlatforms) = postSolution
		{DB56E42B-C45D-46A3-835E-E2E1EA207144}.Debug|Any CPU.ActiveCfg = Debug|Any CPU
		{DB56E42B-C45D-46A3-835E-E2E1EA207144}.Debug|Any CPU.Build.0 = Debug|Any CPU
		{DB56E42B-C45D-46A3-835E-E2E1EA207144}.Release|Any CPU.ActiveCfg = Release|Any CPU
		{DB56E42B-C45D-46A3-835E-E2E1EA207144}.Release|Any CPU.Build.0 = Release|Any CPU
		{5AF8D778-A2C5-4196-A825-810CC586EBF8}.Debug|Any CPU.ActiveCfg = Debug|Any CPU
		{5AF8D778-A2C5-4196-A825-810CC586EBF8}.Debug|Any CPU.Build.0 = Debug|Any CPU
		{5AF8D778-A2C5-4196-A825-810CC586EBF8}.Release|Any CPU.ActiveCfg = Release|Any CPU
		{5AF8D778-A2C5-4196-A825-810CC586EBF8}.Release|Any CPU.Build.0 = Release|Any CPU
		{ED4158FB-0E1D-4C1C-8F79-53C916C8949C}.Debug|Any CPU.ActiveCfg = Debug|Any CPU
		{ED4158FB-0E1D-4C1C-8F79-53C916C8949C}.Debug|Any CPU.Build.0 = Debug|Any CPU
		{ED4158FB-0E1D-4C1C-8F79-53C916C8949C}.Release|Any CPU.ActiveCfg = Release|Any CPU
		{ED4158FB-0E1D-4C1C-8F79-53C916C8949C}.Release|Any CPU.Build.0 = Release|Any CPU
	EndGlobalSection
	GlobalSection(SolutionProperties) = preSolution
		HideSolutionNode = FALSE
	EndGlobalSection
	GlobalSection(ExtensibilityGlobals) = postSolution
		SolutionGuid = {9C4EE2BF-0F06-4E4B-974E-1272BEC276E6}
	EndGlobalSection
EndGlobal
